
Microsoft Visual Studio Solution File, Format Version 12.00
# Visual Studio Version 17
VisualStudioVersion = 17.6.33712.159
MinimumVisualStudioVersion = 10.0.40219.1
Project("{9A19103F-16F7-4668-BE54-9A1E7A4F7556}") = "LiteNetLibSampleServer", "LiteNetLibSampleServer\LiteNetLibSampleServer.csproj", "{2D079F17-4AE8-4246-B04A-11380FF43F29}"
EndProject
Project("{FAE04EC0-301F-11D3-BF4B-00C04F79EFBC}") = "ServerShared", "ServerShared\ServerShared.csproj", "{A06F7FA8-CD7A-444A-A7A2-B8FF4564B8B1}"
EndProject
Global
	GlobalSection(SolutionConfigurationPlatforms) = preSolution
		Debug|Any CPU = Debug|Any CPU
		Release|Any CPU = Release|Any CPU
	EndGlobalSection
	GlobalSection(ProjectConfigurationPlatforms) = postSolution
		{2D079F17-4AE8-4246-B04A-11380FF43F29}.Debug|Any CPU.ActiveCfg = Debug|Any CPU
		{2D079F17-4AE8-4246-B04A-11380FF43F29}.Debug|Any CPU.Build.0 = Debug|Any CPU
		{2D079F17-4AE8-4246-B04A-11380FF43F29}.Release|Any CPU.ActiveCfg = Release|Any CPU
		{2D079F17-4AE8-4246-B04A-11380FF43F29}.Release|Any CPU.Build.0 = Release|Any CPU
		{A06F7FA8-CD7A-444A-A7A2-B8FF4564B8B1}.Debug|Any CPU.ActiveCfg = Debug|Any CPU
		{A06F7FA8-CD7A-444A-A7A2-B8FF4564B8B1}.Debug|Any CPU.Build.0 = Debug|Any CPU
		{A06F7FA8-CD7A-444A-A7A2-B8FF4564B8B1}.Release|Any CPU.ActiveCfg = Release|Any CPU
		{A06F7FA8-CD7A-444A-A7A2-B8FF4564B8B1}.Release|Any CPU.Build.0 = Release|Any CPU
	EndGlobalSection
	GlobalSection(SolutionProperties) = preSolution
		HideSolutionNode = FALSE
	EndGlobalSection
EndGlobal
